// !$*UTF8*$!
{
	archiveVersion = 1;
	classes = {
	};
	objectVersion = 46;
	objects = {

/* Begin PBXBuildFile section */
		169B985418BDB6D400F4AFCE /* Cocoa.framework in Frameworks */ = {isa = PBXBuildFile; fileRef = 169B985318BDB6D400F4AFCE /* Cocoa.framework */; };
		169B985E18BDB6D400F4AFCE /* InfoPlist.strings in Resources */ = {isa = PBXBuildFile; fileRef = 169B985C18BDB6D400F4AFCE /* InfoPlist.strings */; };
		169B986018BDB6D400F4AFCE /* main.m in Sources */ = {isa = PBXBuildFile; fileRef = 169B985F18BDB6D400F4AFCE /* main.m */; };
		169B986418BDB6D400F4AFCE /* Credits.rtf in Resources */ = {isa = PBXBuildFile; fileRef = 169B986218BDB6D400F4AFCE /* Credits.rtf */; };
		169B986718BDB6D400F4AFCE /* AppDelegate.m in Sources */ = {isa = PBXBuildFile; fileRef = 169B986618BDB6D400F4AFCE /* AppDelegate.m */; };
		169B986A18BDB6D400F4AFCE /* MainMenu.xib in Resources */ = {isa = PBXBuildFile; fileRef = 169B986818BDB6D400F4AFCE /* MainMenu.xib */; };
		169B986D18BDB6D400F4AFCE /* Image_Browser.xcdatamodeld in Sources */ = {isa = PBXBuildFile; fileRef = 169B986B18BDB6D400F4AFCE /* Image_Browser.xcdatamodeld */; };
		169B986F18BDB6D400F4AFCE /* Images.xcassets in Resources */ = {isa = PBXBuildFile; fileRef = 169B986E18BDB6D400F4AFCE /* Images.xcassets */; };
		169B987618BDB6D400F4AFCE /* XCTest.framework in Frameworks */ = {isa = PBXBuildFile; fileRef = 169B987518BDB6D400F4AFCE /* XCTest.framework */; };
		169B987718BDB6D400F4AFCE /* Cocoa.framework in Frameworks */ = {isa = PBXBuildFile; fileRef = 169B985318BDB6D400F4AFCE /* Cocoa.framework */; };
		169B987F18BDB6D400F4AFCE /* InfoPlist.strings in Resources */ = {isa = PBXBuildFile; fileRef = 169B987D18BDB6D400F4AFCE /* InfoPlist.strings */; };
		169B988118BDB6D400F4AFCE /* Image_BrowserTests.m in Sources */ = {isa = PBXBuildFile; fileRef = 169B988018BDB6D400F4AFCE /* Image_BrowserTests.m */; };
		169B988C18BDB7A000F4AFCE /* Quartz.framework in Frameworks */ = {isa = PBXBuildFile; fileRef = 169B988B18BDB7A000F4AFCE /* Quartz.framework */; };
		169B989718BDC57900F4AFCE /* NSViewController+MaximizedSubViewController.m in Sources */ = {isa = PBXBuildFile; fileRef = 169B989618BDC57900F4AFCE /* NSViewController+MaximizedSubViewController.m */; };
		169B989A18BDC73A00F4AFCE /* MainWindowController.m in Sources */ = {isa = PBXBuildFile; fileRef = 169B989918BDC73A00F4AFCE /* MainWindowController.m */; };
/* End PBXBuildFile section */

/* Begin PBXContainerItemProxy section */
		169B987818BDB6D400F4AFCE /* PBXContainerItemProxy */ = {
			isa = PBXContainerItemProxy;
			containerPortal = 169B984818BDB6D400F4AFCE /* Project object */;
			proxyType = 1;
			remoteGlobalIDString = 169B984F18BDB6D400F4AFCE;
			remoteInfo = "Image Browser";
		};
/* End PBXContainerItemProxy section */

/* Begin PBXFileReference section */
		169B985018BDB6D400F4AFCE /* Image Browser.app */ = {isa = PBXFileReference; explicitFileType = wrapper.application; includeInIndex = 0; path = "Image Browser.app"; sourceTree = BUILT_PRODUCTS_DIR; };
		169B985318BDB6D400F4AFCE /* Cocoa.framework */ = {isa = PBXFileReference; lastKnownFileType = wrapper.framework; name = Cocoa.framework; path = System/Library/Frameworks/Cocoa.framework; sourceTree = SDKROOT; };
		169B985618BDB6D400F4AFCE /* AppKit.framework */ = {isa = PBXFileReference; lastKnownFileType = wrapper.framework; name = AppKit.framework; path = System/Library/Frameworks/AppKit.framework; sourceTree = SDKROOT; };
		169B985718BDB6D400F4AFCE /* CoreData.framework */ = {isa = PBXFileReference; lastKnownFileType = wrapper.framework; name = CoreData.framework; path = System/Library/Frameworks/CoreData.framework; sourceTree = SDKROOT; };
		169B985818BDB6D400F4AFCE /* Foundation.framework */ = {isa = PBXFileReference; lastKnownFileType = wrapper.framework; name = Foundation.framework; path = System/Library/Frameworks/Foundation.framework; sourceTree = SDKROOT; };
		169B985B18BDB6D400F4AFCE /* Image Browser-Info.plist */ = {isa = PBXFileReference; lastKnownFileType = text.plist.xml; path = "Image Browser-Info.plist"; sourceTree = "<group>"; };
		169B985D18BDB6D400F4AFCE /* en */ = {isa = PBXFileReference; lastKnownFileType = text.plist.strings; name = en; path = en.lproj/InfoPlist.strings; sourceTree = "<group>"; };
		169B985F18BDB6D400F4AFCE /* main.m */ = {isa = PBXFileReference; lastKnownFileType = sourcecode.c.objc; path = main.m; sourceTree = "<group>"; };
		169B986118BDB6D400F4AFCE /* Image Browser-Prefix.pch */ = {isa = PBXFileReference; lastKnownFileType = sourcecode.c.h; path = "Image Browser-Prefix.pch"; sourceTree = "<group>"; };
		169B986318BDB6D400F4AFCE /* en */ = {isa = PBXFileReference; lastKnownFileType = text.rtf; name = en; path = en.lproj/Credits.rtf; sourceTree = "<group>"; };
		169B986518BDB6D400F4AFCE /* AppDelegate.h */ = {isa = PBXFileReference; lastKnownFileType = sourcecode.c.h; path = AppDelegate.h; sourceTree = "<group>"; };
		169B986618BDB6D400F4AFCE /* AppDelegate.m */ = {isa = PBXFileReference; lastKnownFileType = sourcecode.c.objc; path = AppDelegate.m; sourceTree = "<group>"; };
		169B986918BDB6D400F4AFCE /* Base */ = {isa = PBXFileReference; lastKnownFileType = file.xib; name = Base; path = Base.lproj/MainMenu.xib; sourceTree = "<group>"; };
		169B986C18BDB6D400F4AFCE /* Image_Browser.xcdatamodel */ = {isa = PBXFileReference; lastKnownFileType = wrapper.xcdatamodel; path = Image_Browser.xcdatamodel; sourceTree = "<group>"; };
		169B986E18BDB6D400F4AFCE /* Images.xcassets */ = {isa = PBXFileReference; lastKnownFileType = folder.assetcatalog; path = Images.xcassets; sourceTree = "<group>"; };
		169B987418BDB6D400F4AFCE /* Image BrowserTests.xctest */ = {isa = PBXFileReference; explicitFileType = wrapper.cfbundle; includeInIndex = 0; path = "Image BrowserTests.xctest"; sourceTree = BUILT_PRODUCTS_DIR; };
		169B987518BDB6D400F4AFCE /* XCTest.framework */ = {isa = PBXFileReference; lastKnownFileType = wrapper.framework; name = XCTest.framework; path = Library/Frameworks/XCTest.framework; sourceTree = DEVELOPER_DIR; };
		169B987C18BDB6D400F4AFCE /* Image BrowserTests-Info.plist */ = {isa = PBXFileReference; lastKnownFileType = text.plist.xml; path = "Image BrowserTests-Info.plist"; sourceTree = "<group>"; };
		169B987E18BDB6D400F4AFCE /* en */ = {isa = PBXFileReference; lastKnownFileType = text.plist.strings; name = en; path = en.lproj/InfoPlist.strings; sourceTree = "<group>"; };
		169B988018BDB6D400F4AFCE /* Image_BrowserTests.m */ = {isa = PBXFileReference; lastKnownFileType = sourcecode.c.objc; path = Image_BrowserTests.m; sourceTree = "<group>"; };
		169B988A18BDB70500F4AFCE /* Image Browser.entitlements */ = {isa = PBXFileReference; lastKnownFileType = text.xml; path = "Image Browser.entitlements"; sourceTree = "<group>"; };
		169B988B18BDB7A000F4AFCE /* Quartz.framework */ = {isa = PBXFileReference; lastKnownFileType = wrapper.framework; name = Quartz.framework; path = System/Library/Frameworks/Quartz.framework; sourceTree = SDKROOT; };
		169B989518BDC57900F4AFCE /* NSViewController+MaximizedSubViewController.h */ = {isa = PBXFileReference; fileEncoding = 4; lastKnownFileType = sourcecode.c.h; path = "NSViewController+MaximizedSubViewController.h"; sourceTree = "<group>"; };
		169B989618BDC57900F4AFCE /* NSViewController+MaximizedSubViewController.m */ = {isa = PBXFileReference; fileEncoding = 4; lastKnownFileType = sourcecode.c.objc; path = "NSViewController+MaximizedSubViewController.m"; sourceTree = "<group>"; };
		169B989818BDC73A00F4AFCE /* MainWindowController.h */ = {isa = PBXFileReference; fileEncoding = 4; lastKnownFileType = sourcecode.c.h; path = MainWindowController.h; sourceTree = "<group>"; };
		169B989918BDC73A00F4AFCE /* MainWindowController.m */ = {isa = PBXFileReference; fileEncoding = 4; lastKnownFileType = sourcecode.c.objc; path = MainWindowController.m; sourceTree = "<group>"; };
/* End PBXFileReference section */

/* Begin PBXFrameworksBuildPhase section */
		169B984D18BDB6D400F4AFCE /* Frameworks */ = {
			isa = PBXFrameworksBuildPhase;
			buildActionMask = 2147483647;
			files = (
				169B988C18BDB7A000F4AFCE /* Quartz.framework in Frameworks */,
				169B985418BDB6D400F4AFCE /* Cocoa.framework in Frameworks */,
			);
			runOnlyForDeploymentPostprocessing = 0;
		};
		169B987118BDB6D400F4AFCE /* Frameworks */ = {
			isa = PBXFrameworksBuildPhase;
			buildActionMask = 2147483647;
			files = (
				169B987718BDB6D400F4AFCE /* Cocoa.framework in Frameworks */,
				169B987618BDB6D400F4AFCE /* XCTest.framework in Frameworks */,
			);
			runOnlyForDeploymentPostprocessing = 0;
		};
/* End PBXFrameworksBuildPhase section */

/* Begin PBXGroup section */
		169B984718BDB6D400F4AFCE = {
			isa = PBXGroup;
			children = (
				169B985918BDB6D400F4AFCE /* Image Browser */,
				169B987A18BDB6D400F4AFCE /* Image BrowserTests */,
				169B985218BDB6D400F4AFCE /* Frameworks */,
				169B985118BDB6D400F4AFCE /* Products */,
			);
			sourceTree = "<group>";
		};
		169B985118BDB6D400F4AFCE /* Products */ = {
			isa = PBXGroup;
			children = (
				169B985018BDB6D400F4AFCE /* Image Browser.app */,
				169B987418BDB6D400F4AFCE /* Image BrowserTests.xctest */,
			);
			name = Products;
			sourceTree = "<group>";
		};
		169B985218BDB6D400F4AFCE /* Frameworks */ = {
			isa = PBXGroup;
			children = (
				169B988B18BDB7A000F4AFCE /* Quartz.framework */,
				169B985318BDB6D400F4AFCE /* Cocoa.framework */,
				169B987518BDB6D400F4AFCE /* XCTest.framework */,
				169B985518BDB6D400F4AFCE /* Other Frameworks */,
			);
			name = Frameworks;
			sourceTree = "<group>";
		};
		169B985518BDB6D400F4AFCE /* Other Frameworks */ = {
			isa = PBXGroup;
			children = (
				169B985618BDB6D400F4AFCE /* AppKit.framework */,
				169B985718BDB6D400F4AFCE /* CoreData.framework */,
				169B985818BDB6D400F4AFCE /* Foundation.framework */,
			);
			name = "Other Frameworks";
			sourceTree = "<group>";
		};
		169B985918BDB6D400F4AFCE /* Image Browser */ = {
			isa = PBXGroup;
			children = (
				169B988E18BDBDBA00F4AFCE /* Categories */,
				169B988D18BDBC8200F4AFCE /* Views/Controllers */,
				169B988A18BDB70500F4AFCE /* Image Browser.entitlements */,
				169B986518BDB6D400F4AFCE /* AppDelegate.h */,
				169B986618BDB6D400F4AFCE /* AppDelegate.m */,
				169B986818BDB6D400F4AFCE /* MainMenu.xib */,
				169B986E18BDB6D400F4AFCE /* Images.xcassets */,
				169B986B18BDB6D400F4AFCE /* Image_Browser.xcdatamodeld */,
				169B985A18BDB6D400F4AFCE /* Supporting Files */,
			);
			path = "Image Browser";
			sourceTree = "<group>";
		};
		169B985A18BDB6D400F4AFCE /* Supporting Files */ = {
			isa = PBXGroup;
			children = (
				169B985B18BDB6D400F4AFCE /* Image Browser-Info.plist */,
				169B985C18BDB6D400F4AFCE /* InfoPlist.strings */,
				169B985F18BDB6D400F4AFCE /* main.m */,
				169B986118BDB6D400F4AFCE /* Image Browser-Prefix.pch */,
				169B986218BDB6D400F4AFCE /* Credits.rtf */,
			);
			name = "Supporting Files";
			sourceTree = "<group>";
		};
		169B987A18BDB6D400F4AFCE /* Image BrowserTests */ = {
			isa = PBXGroup;
			children = (
				169B988018BDB6D400F4AFCE /* Image_BrowserTests.m */,
				169B987B18BDB6D400F4AFCE /* Supporting Files */,
			);
			path = "Image BrowserTests";
			sourceTree = "<group>";
		};
		169B987B18BDB6D400F4AFCE /* Supporting Files */ = {
			isa = PBXGroup;
			children = (
				169B987C18BDB6D400F4AFCE /* Image BrowserTests-Info.plist */,
				169B987D18BDB6D400F4AFCE /* InfoPlist.strings */,
			);
			name = "Supporting Files";
			sourceTree = "<group>";
		};
		169B988D18BDBC8200F4AFCE /* Views/Controllers */ = {
			isa = PBXGroup;
			children = (
				169B989818BDC73A00F4AFCE /* MainWindowController.h */,
				169B989918BDC73A00F4AFCE /* MainWindowController.m */,
			);
			name = Views/Controllers;
			sourceTree = "<group>";
		};
		169B988E18BDBDBA00F4AFCE /* Categories */ = {
			isa = PBXGroup;
			children = (
				169B989518BDC57900F4AFCE /* NSViewController+MaximizedSubViewController.h */,
				169B989618BDC57900F4AFCE /* NSViewController+MaximizedSubViewController.m */,
			);
			name = Categories;
			sourceTree = "<group>";
		};
/* End PBXGroup section */

/* Begin PBXNativeTarget section */
		169B984F18BDB6D400F4AFCE /* Image Browser */ = {
			isa = PBXNativeTarget;
			buildConfigurationList = 169B988418BDB6D400F4AFCE /* Build configuration list for PBXNativeTarget "Image Browser" */;
			buildPhases = (
				169B984C18BDB6D400F4AFCE /* Sources */,
				169B984D18BDB6D400F4AFCE /* Frameworks */,
				169B984E18BDB6D400F4AFCE /* Resources */,
			);
			buildRules = (
			);
			dependencies = (
			);
			name = "Image Browser";
			productName = "Image Browser";
			productReference = 169B985018BDB6D400F4AFCE /* Image Browser.app */;
			productType = "com.apple.product-type.application";
		};
		169B987318BDB6D400F4AFCE /* Image BrowserTests */ = {
			isa = PBXNativeTarget;
			buildConfigurationList = 169B988718BDB6D400F4AFCE /* Build configuration list for PBXNativeTarget "Image BrowserTests" */;
			buildPhases = (
				169B987018BDB6D400F4AFCE /* Sources */,
				169B987118BDB6D400F4AFCE /* Frameworks */,
				169B987218BDB6D400F4AFCE /* Resources */,
			);
			buildRules = (
			);
			dependencies = (
				169B987918BDB6D400F4AFCE /* PBXTargetDependency */,
			);
			name = "Image BrowserTests";
			productName = "Image BrowserTests";
			productReference = 169B987418BDB6D400F4AFCE /* Image BrowserTests.xctest */;
			productType = "com.apple.product-type.bundle.unit-test";
		};
/* End PBXNativeTarget section */

/* Begin PBXProject section */
		169B984818BDB6D400F4AFCE /* Project object */ = {
			isa = PBXProject;
			attributes = {
				LastUpgradeCheck = 0500;
				ORGANIZATIONNAME = "Robert Novak";
				TargetAttributes = {
					169B984F18BDB6D400F4AFCE = {
						SystemCapabilities = {
							com.apple.Sandbox = {
								enabled = 1;
							};
						};
					};
					169B987318BDB6D400F4AFCE = {
						TestTargetID = 169B984F18BDB6D400F4AFCE;
					};
				};
			};
			buildConfigurationList = 169B984B18BDB6D400F4AFCE /* Build configuration list for PBXProject "Image Browser" */;
			compatibilityVersion = "Xcode 3.2";
			developmentRegion = English;
			hasScannedForEncodings = 0;
			knownRegions = (
				en,
				Base,
			);
			mainGroup = 169B984718BDB6D400F4AFCE;
			productRefGroup = 169B985118BDB6D400F4AFCE /* Products */;
			projectDirPath = "";
			projectRoot = "";
			targets = (
				169B984F18BDB6D400F4AFCE /* Image Browser */,
				169B987318BDB6D400F4AFCE /* Image BrowserTests */,
			);
		};
/* End PBXProject section */

/* Begin PBXResourcesBuildPhase section */
		169B984E18BDB6D400F4AFCE /* Resources */ = {
			isa = PBXResourcesBuildPhase;
			buildActionMask = 2147483647;
			files = (
				169B985E18BDB6D400F4AFCE /* InfoPlist.strings in Resources */,
				169B986F18BDB6D400F4AFCE /* Images.xcassets in Resources */,
				169B986418BDB6D400F4AFCE /* Credits.rtf in Resources */,
				169B986A18BDB6D400F4AFCE /* MainMenu.xib in Resources */,
			);
			runOnlyForDeploymentPostprocessing = 0;
		};
		169B987218BDB6D400F4AFCE /* Resources */ = {
			isa = PBXResourcesBuildPhase;
			buildActionMask = 2147483647;
			files = (
				169B987F18BDB6D400F4AFCE /* InfoPlist.strings in Resources */,
			);
			runOnlyForDeploymentPostprocessing = 0;
		};
/* End PBXResourcesBuildPhase section */

/* Begin PBXSourcesBuildPhase section */
		169B984C18BDB6D400F4AFCE /* Sources */ = {
			isa = PBXSourcesBuildPhase;
			buildActionMask = 2147483647;
			files = (
				169B989A18BDC73A00F4AFCE /* MainWindowController.m in Sources */,
				169B989718BDC57900F4AFCE /* NSViewController+MaximizedSubViewController.m in Sources */,
				169B986D18BDB6D400F4AFCE /* Image_Browser.xcdatamodeld in Sources */,
				169B986718BDB6D400F4AFCE /* AppDelegate.m in Sources */,
				169B986018BDB6D400F4AFCE /* main.m in Sources */,
			);
			runOnlyForDeploymentPostprocessing = 0;
		};
		169B987018BDB6D400F4AFCE /* Sources */ = {
			isa = PBXSourcesBuildPhase;
			buildActionMask = 2147483647;
			files = (
				169B988118BDB6D400F4AFCE /* Image_BrowserTests.m in Sources */,
			);
			runOnlyForDeploymentPostprocessing = 0;
		};
/* End PBXSourcesBuildPhase section */

/* Begin PBXTargetDependency section */
		169B987918BDB6D400F4AFCE /* PBXTargetDependency */ = {
			isa = PBXTargetDependency;
			target = 169B984F18BDB6D400F4AFCE /* Image Browser */;
			targetProxy = 169B987818BDB6D400F4AFCE /* PBXContainerItemProxy */;
		};
/* End PBXTargetDependency section */

/* Begin PBXVariantGroup section */
		169B985C18BDB6D400F4AFCE /* InfoPlist.strings */ = {
			isa = PBXVariantGroup;
			children = (
				169B985D18BDB6D400F4AFCE /* en */,
			);
			name = InfoPlist.strings;
			sourceTree = "<group>";
		};
		169B986218BDB6D400F4AFCE /* Credits.rtf */ = {
			isa = PBXVariantGroup;
			children = (
				169B986318BDB6D400F4AFCE /* en */,
			);
			name = Credits.rtf;
			sourceTree = "<group>";
		};
		169B986818BDB6D400F4AFCE /* MainMenu.xib */ = {
			isa = PBXVariantGroup;
			children = (
				169B986918BDB6D400F4AFCE /* Base */,
			);
			name = MainMenu.xib;
			sourceTree = "<group>";
		};
		169B987D18BDB6D400F4AFCE /* InfoPlist.strings */ = {
			isa = PBXVariantGroup;
			children = (
				169B987E18BDB6D400F4AFCE /* en */,
			);
			name = InfoPlist.strings;
			sourceTree = "<group>";
		};
/* End PBXVariantGroup section */

/* Begin XCBuildConfiguration section */
		169B988218BDB6D400F4AFCE /* Debug */ = {
			isa = XCBuildConfiguration;
			buildSettings = {
				ALWAYS_SEARCH_USER_PATHS = NO;
				CLANG_CXX_LANGUAGE_STANDARD = "gnu++0x";
				CLANG_CXX_LIBRARY = "libc++";
				CLANG_ENABLE_OBJC_ARC = YES;
				CLANG_WARN_BOOL_CONVERSION = YES;
				CLANG_WARN_CONSTANT_CONVERSION = YES;
				CLANG_WARN_DIRECT_OBJC_ISA_USAGE = YES_ERROR;
				CLANG_WARN_EMPTY_BODY = YES;
				CLANG_WARN_ENUM_CONVERSION = YES;
				CLANG_WARN_INT_CONVERSION = YES;
				CLANG_WARN_OBJC_ROOT_CLASS = YES_ERROR;
				CLANG_WARN__DUPLICATE_METHOD_MATCH = YES;
				COPY_PHASE_STRIP = NO;
				GCC_C_LANGUAGE_STANDARD = gnu99;
				GCC_DYNAMIC_NO_PIC = NO;
				GCC_ENABLE_OBJC_EXCEPTIONS = YES;
				GCC_OPTIMIZATION_LEVEL = 0;
				GCC_PREPROCESSOR_DEFINITIONS = (
					"DEBUG=1",
					"$(inherited)",
				);
				GCC_SYMBOLS_PRIVATE_EXTERN = NO;
				GCC_WARN_64_TO_32_BIT_CONVERSION = YES;
				GCC_WARN_ABOUT_RETURN_TYPE = YES_ERROR;
				GCC_WARN_UNDECLARED_SELECTOR = YES;
				GCC_WARN_UNINITIALIZED_AUTOS = YES;
				GCC_WARN_UNUSED_FUNCTION = YES;
				GCC_WARN_UNUSED_VARIABLE = YES;
				MACOSX_DEPLOYMENT_TARGET = 10.9;
				ONLY_ACTIVE_ARCH = YES;
				SDKROOT = macosx;
			};
			name = Debug;
		};
		169B988318BDB6D400F4AFCE /* Release */ = {
			isa = XCBuildConfiguration;
			buildSettings = {
				ALWAYS_SEARCH_USER_PATHS = NO;
				CLANG_CXX_LANGUAGE_STANDARD = "gnu++0x";
				CLANG_CXX_LIBRARY = "libc++";
				CLANG_ENABLE_OBJC_ARC = YES;
				CLANG_WARN_BOOL_CONVERSION = YES;
				CLANG_WARN_CONSTANT_CONVERSION = YES;
				CLANG_WARN_DIRECT_OBJC_ISA_USAGE = YES_ERROR;
				CLANG_WARN_EMPTY_BODY = YES;
				CLANG_WARN_ENUM_CONVERSION = YES;
				CLANG_WARN_INT_CONVERSION = YES;
				CLANG_WARN_OBJC_ROOT_CLASS = YES_ERROR;
				CLANG_WARN__DUPLICATE_METHOD_MATCH = YES;
				COPY_PHASE_STRIP = YES;
				DEBUG_INFORMATION_FORMAT = "dwarf-with-dsym";
				ENABLE_NS_ASSERTIONS = NO;
				GCC_C_LANGUAGE_STANDARD = gnu99;
				GCC_ENABLE_OBJC_EXCEPTIONS = YES;
				GCC_WARN_64_TO_32_BIT_CONVERSION = YES;
				GCC_WARN_ABOUT_RETURN_TYPE = YES_ERROR;
				GCC_WARN_UNDECLARED_SELECTOR = YES;
				GCC_WARN_UNINITIALIZED_AUTOS = YES;
				GCC_WARN_UNUSED_FUNCTION = YES;
				GCC_WARN_UNUSED_VARIABLE = YES;
				MACOSX_DEPLOYMENT_TARGET = 10.9;
				SDKROOT = macosx;
			};
			name = Release;
		};
		169B988518BDB6D400F4AFCE /* Debug */ = {
			isa = XCBuildConfiguration;
			buildSettings = {
				ASSETCATALOG_COMPILER_APPICON_NAME = AppIcon;
				CLANG_ENABLE_OBJC_ARC = YES;
				CODE_SIGN_ENTITLEMENTS = "Image Browser/Image Browser.entitlements";
				CODE_SIGN_IDENTITY = "3rd Party Mac Developer Application: Robert Novak (92U6SCXX8Y)";
				COMBINE_HIDPI_IMAGES = YES;
				GCC_PRECOMPILE_PREFIX_HEADER = YES;
				GCC_PREFIX_HEADER = "Image Browser/Image Browser-Prefix.pch";
				INFOPLIST_FILE = "Image Browser/Image Browser-Info.plist";
				MACOSX_DEPLOYMENT_TARGET = 10.9;
				PRODUCT_NAME = "$(TARGET_NAME)";
				PROVISIONING_PROFILE = "5334AFE2-B76C-4B39-A6EA-77EF961ECD29";
				WRAPPER_EXTENSION = app;
			};
			name = Debug;
		};
		169B988618BDB6D400F4AFCE /* Release */ = {
			isa = XCBuildConfiguration;
			buildSettings = {
				ASSETCATALOG_COMPILER_APPICON_NAME = AppIcon;
				CLANG_ENABLE_OBJC_ARC = YES;
				CODE_SIGN_ENTITLEMENTS = "Image Browser/Image Browser.entitlements";
				CODE_SIGN_IDENTITY = "3rd Party Mac Developer Application: Robert Novak (92U6SCXX8Y)";
				COMBINE_HIDPI_IMAGES = YES;
				GCC_PRECOMPILE_PREFIX_HEADER = YES;
				GCC_PREFIX_HEADER = "Image Browser/Image Browser-Prefix.pch";
				INFOPLIST_FILE = "Image Browser/Image Browser-Info.plist";
				MACOSX_DEPLOYMENT_TARGET = 10.9;
				PRODUCT_NAME = "$(TARGET_NAME)";
				PROVISIONING_PROFILE = "5334AFE2-B76C-4B39-A6EA-77EF961ECD29";
				WRAPPER_EXTENSION = app;
			};
			name = Release;
		};
		169B988818BDB6D400F4AFCE /* Debug */ = {
			isa = XCBuildConfiguration;
			buildSettings = {
				BUNDLE_LOADER = "$(BUILT_PRODUCTS_DIR)/Image Browser.app/Contents/MacOS/Image Browser";
				COMBINE_HIDPI_IMAGES = YES;
				FRAMEWORK_SEARCH_PATHS = (
					"$(DEVELOPER_FRAMEWORKS_DIR)",
					"$(inherited)",
				);
				GCC_PRECOMPILE_PREFIX_HEADER = YES;
				GCC_PREFIX_HEADER = "Image Browser/Image Browser-Prefix.pch";
				GCC_PREPROCESSOR_DEFINITIONS = (
					"DEBUG=1",
					"$(inherited)",
				);
				INFOPLIST_FILE = "Image BrowserTests/Image BrowserTests-Info.plist";
				PRODUCT_NAME = "$(TARGET_NAME)";
				TEST_HOST = "$(BUNDLE_LOADER)";
				WRAPPER_EXTENSION = xctest;
			};
			name = Debug;
		};
		169B988918BDB6D400F4AFCE /* Release */ = {
			isa = XCBuildConfiguration;
			buildSettings = {
				BUNDLE_LOADER = "$(BUILT_PRODUCTS_DIR)/Image Browser.app/Contents/MacOS/Image Browser";
				COMBINE_HIDPI_IMAGES = YES;
				FRAMEWORK_SEARCH_PATHS = (
					"$(DEVELOPER_FRAMEWORKS_DIR)",
					"$(inherited)",
				);
				GCC_PRECOMPILE_PREFIX_HEADER = YES;
				GCC_PREFIX_HEADER = "Image Browser/Image Browser-Prefix.pch";
				INFOPLIST_FILE = "Image BrowserTests/Image BrowserTests-Info.plist";
				PRODUCT_NAME = "$(TARGET_NAME)";
				TEST_HOST = "$(BUNDLE_LOADER)";
				WRAPPER_EXTENSION = xctest;
			};
			name = Release;
		};
/* End XCBuildConfiguration section */

/* Begin XCConfigurationList section */
		169B984B18BDB6D400F4AFCE /* Build configuration list for PBXProject "Image Browser" */ = {
			isa = XCConfigurationList;
			buildConfigurations = (
				169B988218BDB6D400F4AFCE /* Debug */,
				169B988318BDB6D400F4AFCE /* Release */,
			);
			defaultConfigurationIsVisible = 0;
			defaultConfigurationName = Release;
		};
		169B988418BDB6D400F4AFCE /* Build configuration list for PBXNativeTarget "Image Browser" */ = {
			isa = XCConfigurationList;
			buildConfigurations = (
				169B988518BDB6D400F4AFCE /* Debug */,
				169B988618BDB6D400F4AFCE /* Release */,
			);
			defaultConfigurationIsVisible = 0;
		};
		169B988718BDB6D400F4AFCE /* Build configuration list for PBXNativeTarget "Image BrowserTests" */ = {
			isa = XCConfigurationList;
			buildConfigurations = (
				169B988818BDB6D400F4AFCE /* Debug */,
				169B988918BDB6D400F4AFCE /* Release */,
			);
			defaultConfigurationIsVisible = 0;
		};
/* End XCConfigurationList section */

/* Begin XCVersionGroup section */
		169B986B18BDB6D400F4AFCE /* Image_Browser.xcdatamodeld */ = {
			isa = XCVersionGroup;
			children = (
				169B986C18BDB6D400F4AFCE /* Image_Browser.xcdatamodel */,
			);
			currentVersion = 169B986C18BDB6D400F4AFCE /* Image_Browser.xcdatamodel */;
			path = Image_Browser.xcdatamodeld;
			sourceTree = "<group>";
			versionGroupType = wrapper.xcdatamodel;
		};
/* End XCVersionGroup section */
	};
	rootObject = 169B984818BDB6D400F4AFCE /* Project object */;
}
